<?xml version="1.0" encoding="utf-8"?>
<Project ToolsVersion="4.0" xmlns="http://schemas.microsoft.com/developer/msbuild/2003">
  <ItemGroup>
    <Filter Include="Source Files">
      <UniqueIdentifier>{2cb27645-5f27-475a-acf0-9b5de3bc71fa}</UniqueIdentifier>
      <Extensions>cpp;c;cxx;def;odl;idl;hpj;bat;asm</Extensions>
    </Filter>
    <Filter Include="Header Files">
      <UniqueIdentifier>{7fe425c9-0ca8-4301-960c-58e9d86ea24f}</UniqueIdentifier>
      <Extensions>h;hpp;hxx;hm;inl;inc</Extensions>
    </Filter>
    <Filter Include="Resource Files">
      <UniqueIdentifier>{3cdbc3e0-faf6-4c57-9240-8f5f9d384c69}</UniqueIdentifier>
      <Extensions>rc;ico;cur;bmp;dlg;rc2;rct;bin;rgs;gif;jpg;jpeg;jpe;r</Extensions>
    </Filter>
  </ItemGroup>
  <ItemGroup>
    <ClCompile Include="chartables.c">
      <Filter>Source Files</Filter>
    </ClCompile>
    <ClCompile Include="get.c">
      <Filter>Source Files</Filter>
    </ClCompile>
    <ClCompile Include="maketables.c">
      <Filter>Source Files</Filter>
    </ClCompile>
    <ClCompile Include="pcre.c">
      <Filter>Source Files</Filter>
    </ClCompile>
    <ClCompile Include="pcreposix.c">
      <Filter>Source Files</Filter>
    </ClCompile>
    <ClCompile Include="study.c">
      <Filter>Source Files</Filter>
    </ClCompile>
  </ItemGroup>
  <ItemGroup>
    <ClInclude Include="config.h">
      <Filter>Header Files</Filter>
    </ClInclude>
    <ClInclude Include="internal.h">
      <Filter>Header Files</Filter>
    </ClInclude>
    <ClInclude Include="pcre.h">
      <Filter>Header Files</Filter>
    </ClInclude>
    <ClInclude Include="pcreposix.h">
      <Filter>Header Files</Filter>
    </ClInclude>
    <ClInclude Include="ucp.h">
      <Filter>Header Files</Filter>
    </ClInclude>
    <ClInclude Include="ucpinternal.h">
      <Filter>Header Files</Filter>
    </ClInclude>
  </ItemGroup>
</Project>